# THIS IS AN AUTOGENERATED FILE. DO NOT EDIT THIS FILE DIRECTLY.
# yarn lockfile v1


jscrewit@^2.35.1:
  version "2.35.1"
  resolved "https://registry.yarnpkg.com/jscrewit/-/jscrewit-2.35.1.tgz#308841affbd5481974920f2dbe44a55f9c23e95f"
  integrity sha512-/3Ix2Q1rZV17TBFO6m1bhqsYLCK3L7NOmaXqgBJOjxhNLFbtXiPnsYPEqhwHlBHHWH9mrumSewwl4Rg40f5wAQ==
